// !$*UTF8*$!
{
	archiveVersion = 1;
	classes = {
	};
	objectVersion = 52;
	objects = {

/* Begin PBXBuildFile section */
		CE0C58B626A0DC0A00F77351 /* Kingfisher in Frameworks */ = {isa = PBXBuildFile; productRef = CE0C58B526A0DC0A00F77351 /* Kingfisher */; };
		CE0C58B926A0E02B00F77351 /* Cart.swift in Sources */ = {isa = PBXBuildFile; fileRef = CE0C58B826A0E02B00F77351 /* Cart.swift */; };
		CEA5D4E726A0CF2700FA669B /* AppDelegate.swift in Sources */ = {isa = PBXBuildFile; fileRef = CEA5D4E626A0CF2700FA669B /* AppDelegate.swift */; };
		CEA5D4E926A0CF2700FA669B /* SceneDelegate.swift in Sources */ = {isa = PBXBuildFile; fileRef = CEA5D4E826A0CF2700FA669B /* SceneDelegate.swift */; };
		CEA5D4F026A0CF2A00FA669B /* Assets.xcassets in Resources */ = {isa = PBXBuildFile; fileRef = CEA5D4EF26A0CF2A00FA669B /* Assets.xcassets */; };
		CEA5D4F326A0CF2A00FA669B /* LaunchScreen.storyboard in Resources */ = {isa = PBXBuildFile; fileRef = CEA5D4F126A0CF2A00FA669B /* LaunchScreen.storyboard */; };
		CEA5D50226A0CFFA00FA669B /* CartViewController.swift in Sources */ = {isa = PBXBuildFile; fileRef = CEA5D50026A0CFFA00FA669B /* CartViewController.swift */; };
		CEA5D50326A0CFFA00FA669B /* CartViewController.xib in Resources */ = {isa = PBXBuildFile; fileRef = CEA5D50126A0CFFA00FA669B /* CartViewController.xib */; };
		CEA5D50726A0D09B00FA669B /* ProductListViewController.swift in Sources */ = {isa = PBXBuildFile; fileRef = CEA5D50526A0D09A00FA669B /* ProductListViewController.swift */; };
		CEA5D50826A0D09B00FA669B /* ProductListViewController.xib in Resources */ = {isa = PBXBuildFile; fileRef = CEA5D50626A0D09A00FA669B /* ProductListViewController.xib */; };
		CEA5D50D26A0D34900FA669B /* Product.swift in Sources */ = {isa = PBXBuildFile; fileRef = CEA5D50C26A0D34900FA669B /* Product.swift */; };
		CEA5D51326A0D53100FA669B /* ProductItemTableViewCell.swift in Sources */ = {isa = PBXBuildFile; fileRef = CEA5D51126A0D53100FA669B /* ProductItemTableViewCell.swift */; };
		CEA5D51426A0D53100FA669B /* ProductItemTableViewCell.xib in Resources */ = {isa = PBXBuildFile; fileRef = CEA5D51226A0D53100FA669B /* ProductItemTableViewCell.xib */; };
		CEEFEA0426A620530071BDC5 /* CartItem.swift in Sources */ = {isa = PBXBuildFile; fileRef = CEEFEA0326A620530071BDC5 /* CartItem.swift */; };
/* End PBXBuildFile section */

/* Begin PBXFileReference section */
		CE0C58B826A0E02B00F77351 /* Cart.swift */ = {isa = PBXFileReference; lastKnownFileType = sourcecode.swift; path = Cart.swift; sourceTree = "<group>"; };
		CEA5D4E326A0CF2700FA669B /* Shopping cart.app */ = {isa = PBXFileReference; explicitFileType = wrapper.application; includeInIndex = 0; path = "Shopping cart.app"; sourceTree = BUILT_PRODUCTS_DIR; };
		CEA5D4E626A0CF2700FA669B /* AppDelegate.swift */ = {isa = PBXFileReference; lastKnownFileType = sourcecode.swift; path = AppDelegate.swift; sourceTree = "<group>"; };
		CEA5D4E826A0CF2700FA669B /* SceneDelegate.swift */ = {isa = PBXFileReference; lastKnownFileType = sourcecode.swift; path = SceneDelegate.swift; sourceTree = "<group>"; };
		CEA5D4EF26A0CF2A00FA669B /* Assets.xcassets */ = {isa = PBXFileReference; lastKnownFileType = folder.assetcatalog; path = Assets.xcassets; sourceTree = "<group>"; };
		CEA5D4F226A0CF2A00FA669B /* Base */ = {isa = PBXFileReference; lastKnownFileType = file.storyboard; name = Base; path = Base.lproj/LaunchScreen.storyboard; sourceTree = "<group>"; };
		CEA5D4F426A0CF2A00FA669B /* Info.plist */ = {isa = PBXFileReference; lastKnownFileType = text.plist.xml; path = Info.plist; sourceTree = "<group>"; };
		CEA5D50026A0CFFA00FA669B /* CartViewController.swift */ = {isa = PBXFileReference; lastKnownFileType = sourcecode.swift; path = CartViewController.swift; sourceTree = "<group>"; };
		CEA5D50126A0CFFA00FA669B /* CartViewController.xib */ = {isa = PBXFileReference; lastKnownFileType = file.xib; path = CartViewController.xib; sourceTree = "<group>"; };
		CEA5D50526A0D09A00FA669B /* ProductListViewController.swift */ = {isa = PBXFileReference; lastKnownFileType = sourcecode.swift; path = ProductListViewController.swift; sourceTree = "<group>"; };
		CEA5D50626A0D09A00FA669B /* ProductListViewController.xib */ = {isa = PBXFileReference; lastKnownFileType = file.xib; path = ProductListViewController.xib; sourceTree = "<group>"; };
		CEA5D50C26A0D34900FA669B /* Product.swift */ = {isa = PBXFileReference; lastKnownFileType = sourcecode.swift; path = Product.swift; sourceTree = "<group>"; };
		CEA5D51126A0D53100FA669B /* ProductItemTableViewCell.swift */ = {isa = PBXFileReference; lastKnownFileType = sourcecode.swift; path = ProductItemTableViewCell.swift; sourceTree = "<group>"; };
		CEA5D51226A0D53100FA669B /* ProductItemTableViewCell.xib */ = {isa = PBXFileReference; lastKnownFileType = file.xib; path = ProductItemTableViewCell.xib; sourceTree = "<group>"; };
		CEEFEA0326A620530071BDC5 /* CartItem.swift */ = {isa = PBXFileReference; lastKnownFileType = sourcecode.swift; path = CartItem.swift; sourceTree = "<group>"; };
/* End PBXFileReference section */

/* Begin PBXFrameworksBuildPhase section */
		CEA5D4E026A0CF2700FA669B /* Frameworks */ = {
			isa = PBXFrameworksBuildPhase;
			buildActionMask = 2147483647;
			files = (
				CE0C58B626A0DC0A00F77351 /* Kingfisher in Frameworks */,
			);
			runOnlyForDeploymentPostprocessing = 0;
		};
/* End PBXFrameworksBuildPhase section */

/* Begin PBXGroup section */
		CEA5D4DA26A0CF2700FA669B = {
			isa = PBXGroup;
			children = (
				CEA5D4E526A0CF2700FA669B /* Shopping cart */,
				CEA5D4E426A0CF2700FA669B /* Products */,
			);
			sourceTree = "<group>";
		};
		CEA5D4E426A0CF2700FA669B /* Products */ = {
			isa = PBXGroup;
			children = (
				CEA5D4E326A0CF2700FA669B /* Shopping cart.app */,
			);
			name = Products;
			sourceTree = "<group>";
		};
		CEA5D4E526A0CF2700FA669B /* Shopping cart */ = {
			isa = PBXGroup;
			children = (
				CEA5D50B26A0D32B00FA669B /* Model */,
				CEA5D4FD26A0CFA500FA669B /* Application */,
				CEA5D4E626A0CF2700FA669B /* AppDelegate.swift */,
				CEA5D4E826A0CF2700FA669B /* SceneDelegate.swift */,
				CEA5D4EF26A0CF2A00FA669B /* Assets.xcassets */,
				CEA5D4F126A0CF2A00FA669B /* LaunchScreen.storyboard */,
				CEA5D4F426A0CF2A00FA669B /* Info.plist */,
			);
			path = "Shopping cart";
			sourceTree = "<group>";
		};
		CEA5D4FD26A0CFA500FA669B /* Application */ = {
			isa = PBXGroup;
			children = (
				CEA5D4FF26A0CFD300FA669B /* Cart */,
				CEA5D4FE26A0CFBE00FA669B /* Product List */,
			);
			path = Application;
			sourceTree = "<group>";
		};
		CEA5D4FE26A0CFBE00FA669B /* Product List */ = {
			isa = PBXGroup;
			children = (
				CEA5D51026A0D4E800FA669B /* Cell */,
				CEA5D50526A0D09A00FA669B /* ProductListViewController.swift */,
				CEA5D50626A0D09A00FA669B /* ProductListViewController.xib */,
			);
			path = "Product List";
			sourceTree = "<group>";
		};
		CEA5D4FF26A0CFD300FA669B /* Cart */ = {
			isa = PBXGroup;
			children = (
				CEA5D50026A0CFFA00FA669B /* CartViewController.swift */,
				CEA5D50126A0CFFA00FA669B /* CartViewController.xib */,
			);
			path = Cart;
			sourceTree = "<group>";
		};
		CEA5D50B26A0D32B00FA669B /* Model */ = {
			isa = PBXGroup;
			children = (
				CEA5D50C26A0D34900FA669B /* Product.swift */,
				CE0C58B826A0E02B00F77351 /* Cart.swift */,
				CEEFEA0326A620530071BDC5 /* CartItem.swift */,
			);
			path = Model;
			sourceTree = "<group>";
		};
		CEA5D51026A0D4E800FA669B /* Cell */ = {
			isa = PBXGroup;
			children = (
				CEA5D51126A0D53100FA669B /* ProductItemTableViewCell.swift */,
				CEA5D51226A0D53100FA669B /* ProductItemTableViewCell.xib */,
			);
			path = Cell;
			sourceTree = "<group>";
		};
/* End PBXGroup section */

/* Begin PBXNativeTarget section */
		CEA5D4E226A0CF2700FA669B /* Shopping cart */ = {
			isa = PBXNativeTarget;
			buildConfigurationList = CEA5D4F726A0CF2A00FA669B /* Build configuration list for PBXNativeTarget "Shopping cart" */;
			buildPhases = (
				CEA5D4DF26A0CF2700FA669B /* Sources */,
				CEA5D4E026A0CF2700FA669B /* Frameworks */,
				CEA5D4E126A0CF2700FA669B /* Resources */,
			);
			buildRules = (
			);
			dependencies = (
			);
			name = "Shopping cart";
			packageProductDependencies = (
				CE0C58B526A0DC0A00F77351 /* Kingfisher */,
			);
			productName = "Shopping cart";
			productReference = CEA5D4E326A0CF2700FA669B /* Shopping cart.app */;
			productType = "com.apple.product-type.application";
		};
/* End PBXNativeTarget section */

/* Begin PBXProject section */
		CEA5D4DB26A0CF2700FA669B /* Project object */ = {
			isa = PBXProject;
			attributes = {
				LastSwiftUpdateCheck = 1240;
				LastUpgradeCheck = 1240;
				TargetAttributes = {
					CEA5D4E226A0CF2700FA669B = {
						CreatedOnToolsVersion = 12.4;
					};
				};
			};
			buildConfigurationList = CEA5D4DE26A0CF2700FA669B /* Build configuration list for PBXProject "Shopping cart" */;
			compatibilityVersion = "Xcode 9.3";
			developmentRegion = en;
			hasScannedForEncodings = 0;
			knownRegions = (
				en,
				Base,
			);
			mainGroup = CEA5D4DA26A0CF2700FA669B;
			packageReferences = (
				CE0C58B426A0DC0A00F77351 /* XCRemoteSwiftPackageReference "Kingfisher" */,
			);
			productRefGroup = CEA5D4E426A0CF2700FA669B /* Products */;
			projectDirPath = "";
			projectRoot = "";
			targets = (
				CEA5D4E226A0CF2700FA669B /* Shopping cart */,
			);
		};
/* End PBXProject section */

/* Begin PBXResourcesBuildPhase section */
		CEA5D4E126A0CF2700FA669B /* Resources */ = {
			isa = PBXResourcesBuildPhase;
			buildActionMask = 2147483647;
			files = (
				CEA5D4F326A0CF2A00FA669B /* LaunchScreen.storyboard in Resources */,
				CEA5D50326A0CFFA00FA669B /* CartViewController.xib in Resources */,
				CEA5D51426A0D53100FA669B /* ProductItemTableViewCell.xib in Resources */,
				CEA5D50826A0D09B00FA669B /* ProductListViewController.xib in Resources */,
				CEA5D4F026A0CF2A00FA669B /* Assets.xcassets in Resources */,
			);
			runOnlyForDeploymentPostprocessing = 0;
		};
/* End PBXResourcesBuildPhase section */

/* Begin PBXSourcesBuildPhase section */
		CEA5D4DF26A0CF2700FA669B /* Sources */ = {
			isa = PBXSourcesBuildPhase;
			buildActionMask = 2147483647;
			files = (
				CEA5D4E726A0CF2700FA669B /* AppDelegate.swift in Sources */,
				CEA5D50226A0CFFA00FA669B /* CartViewController.swift in Sources */,
				CEEFEA0426A620530071BDC5 /* CartItem.swift in Sources */,
				CEA5D51326A0D53100FA669B /* ProductItemTableViewCell.swift in Sources */,
				CE0C58B926A0E02B00F77351 /* Cart.swift in Sources */,
				CEA5D50D26A0D34900FA669B /* Product.swift in Sources */,
				CEA5D50726A0D09B00FA669B /* ProductListViewController.swift in Sources */,
				CEA5D4E926A0CF2700FA669B /* SceneDelegate.swift in Sources */,
			);
			runOnlyForDeploymentPostprocessing = 0;
		};
/* End PBXSourcesBuildPhase section */

/* Begin PBXVariantGroup section */
		CEA5D4F126A0CF2A00FA669B /* LaunchScreen.storyboard */ = {
			isa = PBXVariantGroup;
			children = (
				CEA5D4F226A0CF2A00FA669B /* Base */,
			);
			name = LaunchScreen.storyboard;
			sourceTree = "<group>";
		};
/* End PBXVariantGroup section */

/* Begin XCBuildConfiguration section */
		CEA5D4F526A0CF2A00FA669B /* Debug */ = {
			isa = XCBuildConfiguration;
			buildSettings = {
				ALWAYS_SEARCH_USER_PATHS = NO;
				CLANG_ANALYZER_NONNULL = YES;
				CLANG_ANALYZER_NUMBER_OBJECT_CONVERSION = YES_AGGRESSIVE;
				CLANG_CXX_LANGUAGE_STANDARD = "gnu++14";
				CLANG_CXX_LIBRARY = "libc++";
				CLANG_ENABLE_MODULES = YES;
				CLANG_ENABLE_OBJC_ARC = YES;
				CLANG_ENABLE_OBJC_WEAK = YES;
				CLANG_WARN_BLOCK_CAPTURE_AUTORELEASING = YES;
				CLANG_WARN_BOOL_CONVERSION = YES;
				CLANG_WARN_COMMA = YES;
				CLANG_WARN_CONSTANT_CONVERSION = YES;
				CLANG_WARN_DEPRECATED_OBJC_IMPLEMENTATIONS = YES;
				CLANG_WARN_DIRECT_OBJC_ISA_USAGE = YES_ERROR;
				CLANG_WARN_DOCUMENTATION_COMMENTS = YES;
				CLANG_WARN_EMPTY_BODY = YES;
				CLANG_WARN_ENUM_CONVERSION = YES;
				CLANG_WARN_INFINITE_RECURSION = YES;
				CLANG_WARN_INT_CONVERSION = YES;
				CLANG_WARN_NON_LITERAL_NULL_CONVERSION = YES;
				CLANG_WARN_OBJC_IMPLICIT_RETAIN_SELF = YES;
				CLANG_WARN_OBJC_LITERAL_CONVERSION = YES;
				CLANG_WARN_OBJC_ROOT_CLASS = YES_ERROR;
				CLANG_WARN_QUOTED_INCLUDE_IN_FRAMEWORK_HEADER = YES;
				CLANG_WARN_RANGE_LOOP_ANALYSIS = YES;
				CLANG_WARN_STRICT_PROTOTYPES = YES;
				CLANG_WARN_SUSPICIOUS_MOVE = YES;
				CLANG_WARN_UNGUARDED_AVAILABILITY = YES_AGGRESSIVE;
				CLANG_WARN_UNREACHABLE_CODE = YES;
				CLANG_WARN__DUPLICATE_METHOD_MATCH = YES;
				COPY_PHASE_STRIP = NO;
				DEBUG_INFORMATION_FORMAT = dwarf;
				ENABLE_STRICT_OBJC_MSGSEND = YES;
				ENABLE_TESTABILITY = YES;
				GCC_C_LANGUAGE_STANDARD = gnu11;
				GCC_DYNAMIC_NO_PIC = NO;
				GCC_NO_COMMON_BLOCKS = YES;
				GCC_OPTIMIZATION_LEVEL = 0;
				GCC_PREPROCESSOR_DEFINITIONS = (
					"DEBUG=1",
					"$(inherited)",
				);
				GCC_WARN_64_TO_32_BIT_CONVERSION = YES;
				GCC_WARN_ABOUT_RETURN_TYPE = YES_ERROR;
				GCC_WARN_UNDECLARED_SELECTOR = YES;
				GCC_WARN_UNINITIALIZED_AUTOS = YES_AGGRESSIVE;
				GCC_WARN_UNUSED_FUNCTION = YES;
				GCC_WARN_UNUSED_VARIABLE = YES;
				IPHONEOS_DEPLOYMENT_TARGET = 14.4;
				MTL_ENABLE_DEBUG_INFO = INCLUDE_SOURCE;
				MTL_FAST_MATH = YES;
				ONLY_ACTIVE_ARCH = YES;
				SDKROOT = iphoneos;
				SWIFT_ACTIVE_COMPILATION_CONDITIONS = DEBUG;
				SWIFT_OPTIMIZATION_LEVEL = "-Onone";
			};
			name = Debug;
		};
		CEA5D4F626A0CF2A00FA669B /* Release */ = {
			isa = XCBuildConfiguration;
			buildSettings = {
				ALWAYS_SEARCH_USER_PATHS = NO;
				CLANG_ANALYZER_NONNULL = YES;
				CLANG_ANALYZER_NUMBER_OBJECT_CONVERSION = YES_AGGRESSIVE;
				CLANG_CXX_LANGUAGE_STANDARD = "gnu++14";
				CLANG_CXX_LIBRARY = "libc++";
				CLANG_ENABLE_MODULES = YES;
				CLANG_ENABLE_OBJC_ARC = YES;
				CLANG_ENABLE_OBJC_WEAK = YES;
				CLANG_WARN_BLOCK_CAPTURE_AUTORELEASING = YES;
				CLANG_WARN_BOOL_CONVERSION = YES;
				CLANG_WARN_COMMA = YES;
				CLANG_WARN_CONSTANT_CONVERSION = YES;
				CLANG_WARN_DEPRECATED_OBJC_IMPLEMENTATIONS = YES;
				CLANG_WARN_DIRECT_OBJC_ISA_USAGE = YES_ERROR;
				CLANG_WARN_DOCUMENTATION_COMMENTS = YES;
				CLANG_WARN_EMPTY_BODY = YES;
				CLANG_WARN_ENUM_CONVERSION = YES;
				CLANG_WARN_INFINITE_RECURSION = YES;
				CLANG_WARN_INT_CONVERSION = YES;
				CLANG_WARN_NON_LITERAL_NULL_CONVERSION = YES;
				CLANG_WARN_OBJC_IMPLICIT_RETAIN_SELF = YES;
				CLANG_WARN_OBJC_LITERAL_CONVERSION = YES;
				CLANG_WARN_OBJC_ROOT_CLASS = YES_ERROR;
				CLANG_WARN_QUOTED_INCLUDE_IN_FRAMEWORK_HEADER = YES;
				CLANG_WARN_RANGE_LOOP_ANALYSIS = YES;
				CLANG_WARN_STRICT_PROTOTYPES = YES;
				CLANG_WARN_SUSPICIOUS_MOVE = YES;
				CLANG_WARN_UNGUARDED_AVAILABILITY = YES_AGGRESSIVE;
				CLANG_WARN_UNREACHABLE_CODE = YES;
				CLANG_WARN__DUPLICATE_METHOD_MATCH = YES;
				COPY_PHASE_STRIP = NO;
				DEBUG_INFORMATION_FORMAT = "dwarf-with-dsym";
				ENABLE_NS_ASSERTIONS = NO;
				ENABLE_STRICT_OBJC_MSGSEND = YES;
				GCC_C_LANGUAGE_STANDARD = gnu11;
				GCC_NO_COMMON_BLOCKS = YES;
				GCC_WARN_64_TO_32_BIT_CONVERSION = YES;
				GCC_WARN_ABOUT_RETURN_TYPE = YES_ERROR;
				GCC_WARN_UNDECLARED_SELECTOR = YES;
				GCC_WARN_UNINITIALIZED_AUTOS = YES_AGGRESSIVE;
				GCC_WARN_UNUSED_FUNCTION = YES;
				GCC_WARN_UNUSED_VARIABLE = YES;
				IPHONEOS_DEPLOYMENT_TARGET = 14.4;
				MTL_ENABLE_DEBUG_INFO = NO;
				MTL_FAST_MATH = YES;
				SDKROOT = iphoneos;
				SWIFT_COMPILATION_MODE = wholemodule;
				SWIFT_OPTIMIZATION_LEVEL = "-O";
				VALIDATE_PRODUCT = YES;
			};
			name = Release;
		};
		CEA5D4F826A0CF2A00FA669B /* Debug */ = {
			isa = XCBuildConfiguration;
			buildSettings = {
				ASSETCATALOG_COMPILER_APPICON_NAME = AppIcon;
				ASSETCATALOG_COMPILER_GLOBAL_ACCENT_COLOR_NAME = AccentColor;
				CODE_SIGN_STYLE = Automatic;
				INFOPLIST_FILE = "Shopping cart/Info.plist";
				LD_RUNPATH_SEARCH_PATHS = (
					"$(inherited)",
					"@executable_path/Frameworks",
				);
				PRODUCT_BUNDLE_IDENTIFIER = "Matias-Castillo.Shopping-cart";
				PRODUCT_NAME = "$(TARGET_NAME)";
				SWIFT_VERSION = 5.0;
				TARGETED_DEVICE_FAMILY = "1,2";
			};
			name = Debug;
		};
		CEA5D4F926A0CF2A00FA669B /* Release */ = {
			isa = XCBuildConfiguration;
			buildSettings = {
				ASSETCATALOG_COMPILER_APPICON_NAME = AppIcon;
				ASSETCATALOG_COMPILER_GLOBAL_ACCENT_COLOR_NAME = AccentColor;
				CODE_SIGN_STYLE = Automatic;
				INFOPLIST_FILE = "Shopping cart/Info.plist";
				LD_RUNPATH_SEARCH_PATHS = (
					"$(inherited)",
					"@executable_path/Frameworks",
				);
				PRODUCT_BUNDLE_IDENTIFIER = "Matias-Castillo.Shopping-cart";
				PRODUCT_NAME = "$(TARGET_NAME)";
				SWIFT_VERSION = 5.0;
				TARGETED_DEVICE_FAMILY = "1,2";
			};
			name = Release;
		};
/* End XCBuildConfiguration section */

/* Begin XCConfigurationList section */
		CEA5D4DE26A0CF2700FA669B /* Build configuration list for PBXProject "Shopping cart" */ = {
			isa = XCConfigurationList;
			buildConfigurations = (
				CEA5D4F526A0CF2A00FA669B /* Debug */,
				CEA5D4F626A0CF2A00FA669B /* Release */,
			);
			defaultConfigurationIsVisible = 0;
			defaultConfigurationName = Release;
		};
		CEA5D4F726A0CF2A00FA669B /* Build configuration list for PBXNativeTarget "Shopping cart" */ = {
			isa = XCConfigurationList;
			buildConfigurations = (
				CEA5D4F826A0CF2A00FA669B /* Debug */,
				CEA5D4F926A0CF2A00FA669B /* Release */,
			);
			defaultConfigurationIsVisible = 0;
			defaultConfigurationName = Release;
		};
/* End XCConfigurationList section */

/* Begin XCRemoteSwiftPackageReference section */
		CE0C58B426A0DC0A00F77351 /* XCRemoteSwiftPackageReference "Kingfisher" */ = {
			isa = XCRemoteSwiftPackageReference;
			repositoryURL = "https://github.com/onevcat/Kingfisher.git";
			requirement = {
				kind = upToNextMajorVersion;
				minimumVersion = 6.3.0;
			};
		};
/* End XCRemoteSwiftPackageReference section */

/* Begin XCSwiftPackageProductDependency section */
		CE0C58B526A0DC0A00F77351 /* Kingfisher */ = {
			isa = XCSwiftPackageProductDependency;
			package = CE0C58B426A0DC0A00F77351 /* XCRemoteSwiftPackageReference "Kingfisher" */;
			productName = Kingfisher;
		};
/* End XCSwiftPackageProductDependency section */
	};
	rootObject = CEA5D4DB26A0CF2700FA669B /* Project object */;
}
